{
    "version": 3,
    "terraform_version": "0.8.4",
    "serial": 0,
    "lineage": "e4b8f7f3-b059-452f-b107-faa5d4679409",
    "modules": [
        {
            "path": [
                "root"
            ],
            "outputs": {
                "bastion": {
                    "sensitive": false,
                    "type": "string",
                    "value": "34.248.9.200"
                },
                "worknode0": {
                    "sensitive": false,
                    "type": "string",
                    "value": "10.100.1.84"
                },
                "worknode1": {
                    "sensitive": false,
                    "type": "string",
                    "value": "10.100.1.195"
                },
                "worknode2": {
                    "sensitive": false,
                    "type": "string",
                    "value": "10.100.1.134"
                },
                "worknode3": {
                    "sensitive": false,
                    "type": "string",
                    "value": "10.100.1.129"
                },
                "worknode4": {
                    "sensitive": false,
                    "type": "string",
                    "value": "10.100.1.145"
                }
            },
            "resources": {
                "aws_instance.bastion": {
                    "type": "aws_instance",
                    "depends_on": [
                        "aws_security_group.bastions",
                        "aws_subnet.public_subnet"
                    ],
                    "primary": {
                        "id": "i-061fc7488a5dff9e7",
                        "attributes": {
                            "ami": "ami-e079f893",
                            "associate_public_ip_address": "true",
                            "availability_zone": "eu-west-1a",
                            "disable_api_termination": "false",
                            "ebs_block_device.#": "0",
                            "ebs_optimized": "false",
                            "ephemeral_block_device.#": "0",
                            "iam_instance_profile": "",
                            "id": "i-061fc7488a5dff9e7",
                            "instance_state": "running",
                            "instance_type": "t2.micro",
                            "key_name": "amaury_aws",
                            "monitoring": "false",
                            "network_interface_id": "eni-43f22213",
                            "private_dns": "ip-10-100-1-218.eu-west-1.compute.internal",
                            "private_ip": "10.100.1.218",
                            "public_dns": "ec2-34-248-9-200.eu-west-1.compute.amazonaws.com",
                            "public_ip": "34.248.9.200",
                            "root_block_device.#": "1",
                            "root_block_device.0.delete_on_termination": "true",
                            "root_block_device.0.iops": "100",
                            "root_block_device.0.volume_size": "8",
                            "root_block_device.0.volume_type": "gp2",
                            "security_groups.#": "0",
                            "source_dest_check": "true",
                            "subnet_id": "subnet-d2235f8a",
                            "tags.%": "1",
                            "tags.Name": "training-training-eu-west-1a",
                            "tenancy": "default",
                            "vpc_security_group_ids.#": "1",
                            "vpc_security_group_ids.2226724648": "sg-997828ff"
                        },
                        "meta": {
                            "schema_version": "1"
                        },
                        "tainted": false
                    },
                    "deposed": [],
                    "provider": ""
                },
                "aws_instance.worknode.0": {
                    "type": "aws_instance",
                    "depends_on": [
                        "aws_security_group.bastions",
                        "aws_subnet.public_subnet"
                    ],
                    "primary": {
                        "id": "i-03096415add3145c9",
                        "attributes": {
                            "ami": "ami-e079f893",
                            "associate_public_ip_address": "false",
                            "availability_zone": "eu-west-1a",
                            "disable_api_termination": "false",
                            "ebs_block_device.#": "0",
                            "ebs_optimized": "false",
                            "ephemeral_block_device.#": "0",
                            "iam_instance_profile": "",
                            "id": "i-03096415add3145c9",
                            "instance_state": "running",
                            "instance_type": "t2.micro",
                            "key_name": "amaury_aws",
                            "monitoring": "false",
                            "network_interface_id": "eni-fcf121ac",
                            "private_dns": "ip-10-100-1-84.eu-west-1.compute.internal",
                            "private_ip": "10.100.1.84",
                            "public_dns": "",
                            "public_ip": "",
                            "root_block_device.#": "1",
                            "root_block_device.0.delete_on_termination": "true",
                            "root_block_device.0.iops": "100",
                            "root_block_device.0.volume_size": "8",
                            "root_block_device.0.volume_type": "gp2",
                            "security_groups.#": "0",
                            "source_dest_check": "true",
                            "subnet_id": "subnet-d2235f8a",
                            "tags.%": "1",
                            "tags.Name": "training-0-eu-west-1a",
                            "tenancy": "default",
                            "vpc_security_group_ids.#": "1",
                            "vpc_security_group_ids.2226724648": "sg-997828ff"
                        },
                        "meta": {
                            "schema_version": "1"
                        },
                        "tainted": false
                    },
                    "deposed": [],
                    "provider": ""
                },
                "aws_instance.worknode.1": {
                    "type": "aws_instance",
                    "depends_on": [
                        "aws_security_group.bastions",
                        "aws_subnet.public_subnet"
                    ],
                    "primary": {
                        "id": "i-07b7563977d630185",
                        "attributes": {
                            "ami": "ami-e079f893",
                            "associate_public_ip_address": "false",
                            "availability_zone": "eu-west-1a",
                            "disable_api_termination": "false",
                            "ebs_block_device.#": "0",
                            "ebs_optimized": "false",
                            "ephemeral_block_device.#": "0",
                            "iam_instance_profile": "",
                            "id": "i-07b7563977d630185",
                            "instance_state": "running",
                            "instance_type": "t2.micro",
                            "key_name": "amaury_aws",
                            "monitoring": "false",
                            "network_interface_id": "eni-b5cf1fe5",
                            "private_dns": "ip-10-100-1-195.eu-west-1.compute.internal",
                            "private_ip": "10.100.1.195",
                            "public_dns": "",
                            "public_ip": "",
                            "root_block_device.#": "1",
                            "root_block_device.0.delete_on_termination": "true",
                            "root_block_device.0.iops": "100",
                            "root_block_device.0.volume_size": "8",
                            "root_block_device.0.volume_type": "gp2",
                            "security_groups.#": "0",
                            "source_dest_check": "true",
                            "subnet_id": "subnet-d2235f8a",
                            "tags.%": "1",
                            "tags.Name": "training-1-eu-west-1a",
                            "tenancy": "default",
                            "vpc_security_group_ids.#": "1",
                            "vpc_security_group_ids.2226724648": "sg-997828ff"
                        },
                        "meta": {
                            "schema_version": "1"
                        },
                        "tainted": false
                    },
                    "deposed": [],
                    "provider": ""
                },
                "aws_instance.worknode.2": {
                    "type": "aws_instance",
                    "depends_on": [
                        "aws_security_group.bastions",
                        "aws_subnet.public_subnet"
                    ],
                    "primary": {
                        "id": "i-0ce2fc347c7530041",
                        "attributes": {
                            "ami": "ami-e079f893",
                            "associate_public_ip_address": "false",
                            "availability_zone": "eu-west-1a",
                            "disable_api_termination": "false",
                            "ebs_block_device.#": "0",
                            "ebs_optimized": "false",
                            "ephemeral_block_device.#": "0",
                            "iam_instance_profile": "",
                            "id": "i-0ce2fc347c7530041",
                            "instance_state": "running",
                            "instance_type": "t2.micro",
                            "key_name": "amaury_aws",
                            "monitoring": "false",
                            "network_interface_id": "eni-54cd1d04",
                            "private_dns": "ip-10-100-1-134.eu-west-1.compute.internal",
                            "private_ip": "10.100.1.134",
                            "public_dns": "",
                            "public_ip": "",
                            "root_block_device.#": "1",
                            "root_block_device.0.delete_on_termination": "true",
                            "root_block_device.0.iops": "100",
                            "root_block_device.0.volume_size": "8",
                            "root_block_device.0.volume_type": "gp2",
                            "security_groups.#": "0",
                            "source_dest_check": "true",
                            "subnet_id": "subnet-d2235f8a",
                            "tags.%": "1",
                            "tags.Name": "training-2-eu-west-1a",
                            "tenancy": "default",
                            "vpc_security_group_ids.#": "1",
                            "vpc_security_group_ids.2226724648": "sg-997828ff"
                        },
                        "meta": {
                            "schema_version": "1"
                        },
                        "tainted": false
                    },
                    "deposed": [],
                    "provider": ""
                },
                "aws_instance.worknode.3": {
                    "type": "aws_instance",
                    "depends_on": [
                        "aws_security_group.bastions",
                        "aws_subnet.public_subnet"
                    ],
                    "primary": {
                        "id": "i-014738d654ab96146",
                        "attributes": {
                            "ami": "ami-e079f893",
                            "associate_public_ip_address": "false",
                            "availability_zone": "eu-west-1a",
                            "disable_api_termination": "false",
                            "ebs_block_device.#": "0",
                            "ebs_optimized": "false",
                            "ephemeral_block_device.#": "0",
                            "iam_instance_profile": "",
                            "id": "i-014738d654ab96146",
                            "instance_state": "running",
                            "instance_type": "t2.micro",
                            "key_name": "amaury_aws",
                            "monitoring": "false",
                            "network_interface_id": "eni-7dce1e2d",
                            "private_dns": "ip-10-100-1-129.eu-west-1.compute.internal",
                            "private_ip": "10.100.1.129",
                            "public_dns": "",
                            "public_ip": "",
                            "root_block_device.#": "1",
                            "root_block_device.0.delete_on_termination": "true",
                            "root_block_device.0.iops": "100",
                            "root_block_device.0.volume_size": "8",
                            "root_block_device.0.volume_type": "gp2",
                            "security_groups.#": "0",
                            "source_dest_check": "true",
                            "subnet_id": "subnet-d2235f8a",
                            "tags.%": "1",
                            "tags.Name": "training-3-eu-west-1a",
                            "tenancy": "default",
                            "vpc_security_group_ids.#": "1",
                            "vpc_security_group_ids.2226724648": "sg-997828ff"
                        },
                        "meta": {
                            "schema_version": "1"
                        },
                        "tainted": false
                    },
                    "deposed": [],
                    "provider": ""
                },
                "aws_instance.worknode.4": {
                    "type": "aws_instance",
                    "depends_on": [
                        "aws_security_group.bastions",
                        "aws_subnet.public_subnet"
                    ],
                    "primary": {
                        "id": "i-09458cb5a416f5d0c",
                        "attributes": {
                            "ami": "ami-e079f893",
                            "associate_public_ip_address": "false",
                            "availability_zone": "eu-west-1a",
                            "disable_api_termination": "false",
                            "ebs_block_device.#": "0",
                            "ebs_optimized": "false",
                            "ephemeral_block_device.#": "0",
                            "iam_instance_profile": "",
                            "id": "i-09458cb5a416f5d0c",
                            "instance_state": "running",
                            "instance_type": "t2.micro",
                            "key_name": "amaury_aws",
                            "monitoring": "false",
                            "network_interface_id": "eni-68cc1c38",
                            "private_dns": "ip-10-100-1-145.eu-west-1.compute.internal",
                            "private_ip": "10.100.1.145",
                            "public_dns": "",
                            "public_ip": "",
                            "root_block_device.#": "1",
                            "root_block_device.0.delete_on_termination": "true",
                            "root_block_device.0.iops": "100",
                            "root_block_device.0.volume_size": "8",
                            "root_block_device.0.volume_type": "gp2",
                            "security_groups.#": "0",
                            "source_dest_check": "true",
                            "subnet_id": "subnet-d2235f8a",
                            "tags.%": "1",
                            "tags.Name": "training-4-eu-west-1a",
                            "tenancy": "default",
                            "vpc_security_group_ids.#": "1",
                            "vpc_security_group_ids.2226724648": "sg-997828ff"
                        },
                        "meta": {
                            "schema_version": "1"
                        },
                        "tainted": false
                    },
                    "deposed": [],
                    "provider": ""
                },
                "aws_instance.worknode.5": {
                    "type": "aws_instance",
                    "depends_on": [
                        "aws_security_group.bastions",
                        "aws_subnet.public_subnet"
                    ],
                    "primary": {
                        "id": "i-0ef3d39576a02e3bf",
                        "attributes": {
                            "ami": "ami-e079f893",
                            "associate_public_ip_address": "false",
                            "availability_zone": "eu-west-1a",
                            "disable_api_termination": "false",
                            "ebs_block_device.#": "0",
                            "ebs_optimized": "false",
                            "ephemeral_block_device.#": "0",
                            "iam_instance_profile": "",
                            "id": "i-0ef3d39576a02e3bf",
                            "instance_state": "running",
                            "instance_type": "t2.micro",
                            "key_name": "amaury_aws",
                            "monitoring": "false",
                            "network_interface_id": "eni-7ece1e2e",
                            "private_dns": "ip-10-100-1-149.eu-west-1.compute.internal",
                            "private_ip": "10.100.1.149",
                            "public_dns": "",
                            "public_ip": "",
                            "root_block_device.#": "1",
                            "root_block_device.0.delete_on_termination": "true",
                            "root_block_device.0.iops": "100",
                            "root_block_device.0.volume_size": "8",
                            "root_block_device.0.volume_type": "gp2",
                            "security_groups.#": "0",
                            "source_dest_check": "true",
                            "subnet_id": "subnet-d2235f8a",
                            "tags.%": "1",
                            "tags.Name": "training-5-eu-west-1a",
                            "tenancy": "default",
                            "vpc_security_group_ids.#": "1",
                            "vpc_security_group_ids.2226724648": "sg-997828ff"
                        },
                        "meta": {
                            "schema_version": "1"
                        },
                        "tainted": false
                    },
                    "deposed": [],
                    "provider": ""
                },
                "aws_internet_gateway.gw": {
                    "type": "aws_internet_gateway",
                    "depends_on": [
                        "aws_vpc.vpc"
                    ],
                    "primary": {
                        "id": "igw-53a67d37",
                        "attributes": {
                            "id": "igw-53a67d37",
                            "tags.%": "1",
                            "tags.Name": "InternetGateway",
                            "vpc_id": "vpc-06092962"
                        },
                        "meta": {},
                        "tainted": false
                    },
                    "deposed": [],
                    "provider": ""
                },
                "aws_route.internet_access": {
                    "type": "aws_route",
                    "depends_on": [
                        "aws_internet_gateway.gw",
                        "aws_vpc.vpc"
                    ],
                    "primary": {
                        "id": "r-rtb-fa7e819d1080289494",
                        "attributes": {
                            "destination_cidr_block": "0.0.0.0/0",
                            "destination_prefix_list_id": "",
                            "gateway_id": "igw-53a67d37",
                            "id": "r-rtb-fa7e819d1080289494",
                            "instance_id": "",
                            "instance_owner_id": "",
                            "nat_gateway_id": "",
                            "network_interface_id": "",
                            "origin": "CreateRoute",
                            "route_table_id": "rtb-fa7e819d",
                            "state": "active",
                            "vpc_peering_connection_id": ""
                        },
                        "meta": {},
                        "tainted": false
                    },
                    "deposed": [],
                    "provider": ""
                },
                "aws_route_table_association.public_subnet_eu_west_1a_association": {
                    "type": "aws_route_table_association",
                    "depends_on": [
                        "aws_subnet.public_subnet",
                        "aws_vpc.vpc"
                    ],
                    "primary": {
                        "id": "rtbassoc-0e586d69",
                        "attributes": {
                            "id": "rtbassoc-0e586d69",
                            "route_table_id": "rtb-fa7e819d",
                            "subnet_id": "subnet-d2235f8a"
                        },
                        "meta": {},
                        "tainted": false
                    },
                    "deposed": [],
                    "provider": ""
                },
                "aws_security_group.bastions": {
                    "type": "aws_security_group",
                    "depends_on": [
                        "aws_vpc.vpc"
                    ],
                    "primary": {
                        "id": "sg-997828ff",
                        "attributes": {
                            "description": "Allow SSH traffic from the internet",
                            "egress.#": "1",
                            "egress.482069346.cidr_blocks.#": "1",
                            "egress.482069346.cidr_blocks.0": "0.0.0.0/0",
                            "egress.482069346.from_port": "0",
                            "egress.482069346.prefix_list_ids.#": "0",
                            "egress.482069346.protocol": "-1",
                            "egress.482069346.security_groups.#": "0",
                            "egress.482069346.self": "false",
                            "egress.482069346.to_port": "0",
                            "id": "sg-997828ff",
                            "ingress.#": "2",
                            "ingress.2214680975.cidr_blocks.#": "1",
                            "ingress.2214680975.cidr_blocks.0": "0.0.0.0/0",
                            "ingress.2214680975.from_port": "80",
                            "ingress.2214680975.protocol": "tcp",
                            "ingress.2214680975.security_groups.#": "0",
                            "ingress.2214680975.self": "false",
                            "ingress.2214680975.to_port": "80",
                            "ingress.2541437006.cidr_blocks.#": "1",
                            "ingress.2541437006.cidr_blocks.0": "0.0.0.0/0",
                            "ingress.2541437006.from_port": "22",
                            "ingress.2541437006.protocol": "tcp",
                            "ingress.2541437006.security_groups.#": "0",
                            "ingress.2541437006.self": "false",
                            "ingress.2541437006.to_port": "22",
                            "name": "service_bastions",
                            "owner_id": "543443504517",
                            "tags.%": "0",
                            "vpc_id": "vpc-06092962"
                        },
                        "meta": {},
                        "tainted": false
                    },
                    "deposed": [],
                    "provider": ""
                },
                "aws_subnet.public_subnet": {
                    "type": "aws_subnet",
                    "depends_on": [
                        "aws_vpc.vpc"
                    ],
                    "primary": {
                        "id": "subnet-d2235f8a",
                        "attributes": {
                            "availability_zone": "eu-west-1a",
                            "cidr_block": "10.100.1.0/24",
                            "id": "subnet-d2235f8a",
                            "map_public_ip_on_launch": "false",
                            "tags.%": "2",
                            "tags.Description": "training public subnet in AZ eu-west-1a",
                            "tags.Name": "training-eu-west-1a-public",
                            "vpc_id": "vpc-06092962"
                        },
                        "meta": {},
                        "tainted": false
                    },
                    "deposed": [],
                    "provider": ""
                },
                "aws_vpc.vpc": {
                    "type": "aws_vpc",
                    "depends_on": [],
                    "primary": {
                        "id": "vpc-06092962",
                        "attributes": {
                            "cidr_block": "10.100.0.0/16",
                            "default_network_acl_id": "acl-db1ff9bc",
                            "default_route_table_id": "rtb-fa7e819d",
                            "default_security_group_id": "sg-9f7828f9",
                            "dhcp_options_id": "dopt-fe93719b",
                            "enable_classiclink": "false",
                            "enable_dns_hostnames": "true",
                            "enable_dns_support": "true",
                            "id": "vpc-06092962",
                            "instance_tenancy": "default",
                            "main_route_table_id": "rtb-fa7e819d",
                            "tags.%": "1",
                            "tags.Name": "training"
                        },
                        "meta": {},
                        "tainted": false
                    },
                    "deposed": [],
                    "provider": ""
                }
            },
            "depends_on": []
        }
    ]
}
