{
    "version": 3,
    "terraform_version": "0.8.4",
    "serial": 2,
    "lineage": "e4b8f7f3-b059-452f-b107-faa5d4679409",
    "modules": [
        {
            "path": [
                "root"
            ],
            "outputs": {
                "bastion": {
                    "sensitive": false,
                    "type": "string",
                    "value": "34.248.239.91"
                },
                "worknode0": {
                    "sensitive": false,
                    "type": "string",
                    "value": "10.100.1.32"
                },
                "worknode1": {
                    "sensitive": false,
                    "type": "string",
                    "value": "10.100.1.247"
                },
                "worknode2": {
                    "sensitive": false,
                    "type": "string",
                    "value": "10.100.1.182"
                },
                "worknode3": {
                    "sensitive": false,
                    "type": "string",
                    "value": "10.100.1.232"
                },
                "worknode4": {
                    "sensitive": false,
                    "type": "string",
                    "value": "10.100.1.201"
                }
            },
            "resources": {
                "aws_instance.bastion": {
                    "type": "aws_instance",
                    "depends_on": [
                        "aws_security_group.bastions",
                        "aws_subnet.public_subnet"
                    ],
                    "primary": {
                        "id": "i-0d21a600e2917056a",
                        "attributes": {
                            "ami": "ami-e079f893",
                            "associate_public_ip_address": "true",
                            "availability_zone": "eu-west-1a",
                            "disable_api_termination": "false",
                            "ebs_block_device.#": "0",
                            "ebs_optimized": "false",
                            "ephemeral_block_device.#": "0",
                            "iam_instance_profile": "",
                            "id": "i-0d21a600e2917056a",
                            "instance_state": "running",
                            "instance_type": "t2.micro",
                            "key_name": "amaury_aws",
                            "monitoring": "false",
                            "network_interface_id": "eni-8874a4d8",
                            "private_dns": "ip-10-100-1-253.eu-west-1.compute.internal",
                            "private_ip": "10.100.1.253",
                            "public_dns": "ec2-34-248-239-91.eu-west-1.compute.amazonaws.com",
                            "public_ip": "34.248.239.91",
                            "root_block_device.#": "1",
                            "root_block_device.0.delete_on_termination": "true",
                            "root_block_device.0.iops": "100",
                            "root_block_device.0.volume_size": "8",
                            "root_block_device.0.volume_type": "gp2",
                            "security_groups.#": "0",
                            "source_dest_check": "true",
                            "subnet_id": "subnet-43136f1b",
                            "tags.%": "1",
                            "tags.Name": "training-training-eu-west-1a",
                            "tenancy": "default",
                            "vpc_security_group_ids.#": "1",
                            "vpc_security_group_ids.786875391": "sg-ce8adaa8"
                        },
                        "meta": {
                            "schema_version": "1"
                        },
                        "tainted": false
                    },
                    "deposed": [],
                    "provider": ""
                },
                "aws_instance.worknode.0": {
                    "type": "aws_instance",
                    "depends_on": [
                        "aws_security_group.bastions",
                        "aws_subnet.public_subnet"
                    ],
                    "primary": {
                        "id": "i-06e8c51ea637d8ce2",
                        "attributes": {
                            "ami": "ami-e079f893",
                            "associate_public_ip_address": "false",
                            "availability_zone": "eu-west-1a",
                            "disable_api_termination": "false",
                            "ebs_block_device.#": "0",
                            "ebs_optimized": "false",
                            "ephemeral_block_device.#": "0",
                            "iam_instance_profile": "",
                            "id": "i-06e8c51ea637d8ce2",
                            "instance_state": "running",
                            "instance_type": "t2.micro",
                            "key_name": "amaury_aws",
                            "monitoring": "false",
                            "network_interface_id": "eni-6a7cac3a",
                            "private_dns": "ip-10-100-1-32.eu-west-1.compute.internal",
                            "private_ip": "10.100.1.32",
                            "public_dns": "",
                            "public_ip": "",
                            "root_block_device.#": "1",
                            "root_block_device.0.delete_on_termination": "true",
                            "root_block_device.0.iops": "100",
                            "root_block_device.0.volume_size": "8",
                            "root_block_device.0.volume_type": "gp2",
                            "security_groups.#": "0",
                            "source_dest_check": "true",
                            "subnet_id": "subnet-43136f1b",
                            "tags.%": "1",
                            "tags.Name": "training-0-eu-west-1a",
                            "tenancy": "default",
                            "vpc_security_group_ids.#": "1",
                            "vpc_security_group_ids.786875391": "sg-ce8adaa8"
                        },
                        "meta": {
                            "schema_version": "1"
                        },
                        "tainted": false
                    },
                    "deposed": [],
                    "provider": ""
                },
                "aws_instance.worknode.1": {
                    "type": "aws_instance",
                    "depends_on": [
                        "aws_security_group.bastions",
                        "aws_subnet.public_subnet"
                    ],
                    "primary": {
                        "id": "i-0a7ffa4eb1f0a0b82",
                        "attributes": {
                            "ami": "ami-e079f893",
                            "associate_public_ip_address": "false",
                            "availability_zone": "eu-west-1a",
                            "disable_api_termination": "false",
                            "ebs_block_device.#": "0",
                            "ebs_optimized": "false",
                            "ephemeral_block_device.#": "0",
                            "iam_instance_profile": "",
                            "id": "i-0a7ffa4eb1f0a0b82",
                            "instance_state": "running",
                            "instance_type": "t2.micro",
                            "key_name": "amaury_aws",
                            "monitoring": "false",
                            "network_interface_id": "eni-5274a402",
                            "private_dns": "ip-10-100-1-247.eu-west-1.compute.internal",
                            "private_ip": "10.100.1.247",
                            "public_dns": "",
                            "public_ip": "",
                            "root_block_device.#": "1",
                            "root_block_device.0.delete_on_termination": "true",
                            "root_block_device.0.iops": "100",
                            "root_block_device.0.volume_size": "8",
                            "root_block_device.0.volume_type": "gp2",
                            "security_groups.#": "0",
                            "source_dest_check": "true",
                            "subnet_id": "subnet-43136f1b",
                            "tags.%": "1",
                            "tags.Name": "training-1-eu-west-1a",
                            "tenancy": "default",
                            "vpc_security_group_ids.#": "1",
                            "vpc_security_group_ids.786875391": "sg-ce8adaa8"
                        },
                        "meta": {
                            "schema_version": "1"
                        },
                        "tainted": false
                    },
                    "deposed": [],
                    "provider": ""
                },
                "aws_instance.worknode.2": {
                    "type": "aws_instance",
                    "depends_on": [
                        "aws_security_group.bastions",
                        "aws_subnet.public_subnet"
                    ],
                    "primary": {
                        "id": "i-040e20185fc844e00",
                        "attributes": {
                            "ami": "ami-e079f893",
                            "associate_public_ip_address": "false",
                            "availability_zone": "eu-west-1a",
                            "disable_api_termination": "false",
                            "ebs_block_device.#": "0",
                            "ebs_optimized": "false",
                            "ephemeral_block_device.#": "0",
                            "iam_instance_profile": "",
                            "id": "i-040e20185fc844e00",
                            "instance_state": "running",
                            "instance_type": "t2.micro",
                            "key_name": "amaury_aws",
                            "monitoring": "false",
                            "network_interface_id": "eni-cf7cac9f",
                            "private_dns": "ip-10-100-1-182.eu-west-1.compute.internal",
                            "private_ip": "10.100.1.182",
                            "public_dns": "",
                            "public_ip": "",
                            "root_block_device.#": "1",
                            "root_block_device.0.delete_on_termination": "true",
                            "root_block_device.0.iops": "100",
                            "root_block_device.0.volume_size": "8",
                            "root_block_device.0.volume_type": "gp2",
                            "security_groups.#": "0",
                            "source_dest_check": "true",
                            "subnet_id": "subnet-43136f1b",
                            "tags.%": "1",
                            "tags.Name": "training-2-eu-west-1a",
                            "tenancy": "default",
                            "vpc_security_group_ids.#": "1",
                            "vpc_security_group_ids.786875391": "sg-ce8adaa8"
                        },
                        "meta": {
                            "schema_version": "1"
                        },
                        "tainted": false
                    },
                    "deposed": [],
                    "provider": ""
                },
                "aws_instance.worknode.3": {
                    "type": "aws_instance",
                    "depends_on": [
                        "aws_security_group.bastions",
                        "aws_subnet.public_subnet"
                    ],
                    "primary": {
                        "id": "i-0fa70c4aeb510e40c",
                        "attributes": {
                            "ami": "ami-e079f893",
                            "associate_public_ip_address": "false",
                            "availability_zone": "eu-west-1a",
                            "disable_api_termination": "false",
                            "ebs_block_device.#": "0",
                            "ebs_optimized": "false",
                            "ephemeral_block_device.#": "0",
                            "iam_instance_profile": "",
                            "id": "i-0fa70c4aeb510e40c",
                            "instance_state": "running",
                            "instance_type": "t2.micro",
                            "key_name": "amaury_aws",
                            "monitoring": "false",
                            "network_interface_id": "eni-d37bab83",
                            "private_dns": "ip-10-100-1-232.eu-west-1.compute.internal",
                            "private_ip": "10.100.1.232",
                            "public_dns": "",
                            "public_ip": "",
                            "root_block_device.#": "1",
                            "root_block_device.0.delete_on_termination": "true",
                            "root_block_device.0.iops": "100",
                            "root_block_device.0.volume_size": "8",
                            "root_block_device.0.volume_type": "gp2",
                            "security_groups.#": "0",
                            "source_dest_check": "true",
                            "subnet_id": "subnet-43136f1b",
                            "tags.%": "1",
                            "tags.Name": "training-3-eu-west-1a",
                            "tenancy": "default",
                            "vpc_security_group_ids.#": "1",
                            "vpc_security_group_ids.786875391": "sg-ce8adaa8"
                        },
                        "meta": {
                            "schema_version": "1"
                        },
                        "tainted": false
                    },
                    "deposed": [],
                    "provider": ""
                },
                "aws_instance.worknode.4": {
                    "type": "aws_instance",
                    "depends_on": [
                        "aws_security_group.bastions",
                        "aws_subnet.public_subnet"
                    ],
                    "primary": {
                        "id": "i-0e76a3bdb5a41fa09",
                        "attributes": {
                            "ami": "ami-e079f893",
                            "associate_public_ip_address": "false",
                            "availability_zone": "eu-west-1a",
                            "disable_api_termination": "false",
                            "ebs_block_device.#": "0",
                            "ebs_optimized": "false",
                            "ephemeral_block_device.#": "0",
                            "iam_instance_profile": "",
                            "id": "i-0e76a3bdb5a41fa09",
                            "instance_state": "running",
                            "instance_type": "t2.micro",
                            "key_name": "amaury_aws",
                            "monitoring": "false",
                            "network_interface_id": "eni-827babd2",
                            "private_dns": "ip-10-100-1-201.eu-west-1.compute.internal",
                            "private_ip": "10.100.1.201",
                            "public_dns": "",
                            "public_ip": "",
                            "root_block_device.#": "1",
                            "root_block_device.0.delete_on_termination": "true",
                            "root_block_device.0.iops": "100",
                            "root_block_device.0.volume_size": "8",
                            "root_block_device.0.volume_type": "gp2",
                            "security_groups.#": "0",
                            "source_dest_check": "true",
                            "subnet_id": "subnet-43136f1b",
                            "tags.%": "1",
                            "tags.Name": "training-4-eu-west-1a",
                            "tenancy": "default",
                            "vpc_security_group_ids.#": "1",
                            "vpc_security_group_ids.786875391": "sg-ce8adaa8"
                        },
                        "meta": {
                            "schema_version": "1"
                        },
                        "tainted": false
                    },
                    "deposed": [],
                    "provider": ""
                },
                "aws_instance.worknode.5": {
                    "type": "aws_instance",
                    "depends_on": [
                        "aws_security_group.bastions",
                        "aws_subnet.public_subnet"
                    ],
                    "primary": {
                        "id": "i-0ef2326a369a1b13a",
                        "attributes": {
                            "ami": "ami-e079f893",
                            "associate_public_ip_address": "false",
                            "availability_zone": "eu-west-1a",
                            "disable_api_termination": "false",
                            "ebs_block_device.#": "0",
                            "ebs_optimized": "false",
                            "ephemeral_block_device.#": "0",
                            "iam_instance_profile": "",
                            "id": "i-0ef2326a369a1b13a",
                            "instance_state": "running",
                            "instance_type": "t2.micro",
                            "key_name": "amaury_aws",
                            "monitoring": "false",
                            "network_interface_id": "eni-1477a744",
                            "private_dns": "ip-10-100-1-203.eu-west-1.compute.internal",
                            "private_ip": "10.100.1.203",
                            "public_dns": "",
                            "public_ip": "",
                            "root_block_device.#": "1",
                            "root_block_device.0.delete_on_termination": "true",
                            "root_block_device.0.iops": "100",
                            "root_block_device.0.volume_size": "8",
                            "root_block_device.0.volume_type": "gp2",
                            "security_groups.#": "0",
                            "source_dest_check": "true",
                            "subnet_id": "subnet-43136f1b",
                            "tags.%": "1",
                            "tags.Name": "training-5-eu-west-1a",
                            "tenancy": "default",
                            "vpc_security_group_ids.#": "1",
                            "vpc_security_group_ids.786875391": "sg-ce8adaa8"
                        },
                        "meta": {
                            "schema_version": "1"
                        },
                        "tainted": false
                    },
                    "deposed": [],
                    "provider": ""
                },
                "aws_internet_gateway.gw": {
                    "type": "aws_internet_gateway",
                    "depends_on": [
                        "aws_vpc.vpc"
                    ],
                    "primary": {
                        "id": "igw-a2d40fc6",
                        "attributes": {
                            "id": "igw-a2d40fc6",
                            "tags.%": "1",
                            "tags.Name": "InternetGateway",
                            "vpc_id": "vpc-e61d3d82"
                        },
                        "meta": {},
                        "tainted": false
                    },
                    "deposed": [],
                    "provider": ""
                },
                "aws_route.internet_access": {
                    "type": "aws_route",
                    "depends_on": [
                        "aws_internet_gateway.gw",
                        "aws_vpc.vpc"
                    ],
                    "primary": {
                        "id": "r-rtb-9f6699f81080289494",
                        "attributes": {
                            "destination_cidr_block": "0.0.0.0/0",
                            "destination_prefix_list_id": "",
                            "gateway_id": "igw-a2d40fc6",
                            "id": "r-rtb-9f6699f81080289494",
                            "instance_id": "",
                            "instance_owner_id": "",
                            "nat_gateway_id": "",
                            "network_interface_id": "",
                            "origin": "CreateRoute",
                            "route_table_id": "rtb-9f6699f8",
                            "state": "active",
                            "vpc_peering_connection_id": ""
                        },
                        "meta": {},
                        "tainted": false
                    },
                    "deposed": [],
                    "provider": ""
                },
                "aws_route_table_association.public_subnet_eu_west_1a_association": {
                    "type": "aws_route_table_association",
                    "depends_on": [
                        "aws_subnet.public_subnet",
                        "aws_vpc.vpc"
                    ],
                    "primary": {
                        "id": "rtbassoc-393f0a5e",
                        "attributes": {
                            "id": "rtbassoc-393f0a5e",
                            "route_table_id": "rtb-9f6699f8",
                            "subnet_id": "subnet-43136f1b"
                        },
                        "meta": {},
                        "tainted": false
                    },
                    "deposed": [],
                    "provider": ""
                },
                "aws_security_group.bastions": {
                    "type": "aws_security_group",
                    "depends_on": [
                        "aws_vpc.vpc"
                    ],
                    "primary": {
                        "id": "sg-ce8adaa8",
                        "attributes": {
                            "description": "Allow SSH traffic from the internet",
                            "egress.#": "1",
                            "egress.482069346.cidr_blocks.#": "1",
                            "egress.482069346.cidr_blocks.0": "0.0.0.0/0",
                            "egress.482069346.from_port": "0",
                            "egress.482069346.prefix_list_ids.#": "0",
                            "egress.482069346.protocol": "-1",
                            "egress.482069346.security_groups.#": "0",
                            "egress.482069346.self": "false",
                            "egress.482069346.to_port": "0",
                            "id": "sg-ce8adaa8",
                            "ingress.#": "2",
                            "ingress.2214680975.cidr_blocks.#": "1",
                            "ingress.2214680975.cidr_blocks.0": "0.0.0.0/0",
                            "ingress.2214680975.from_port": "80",
                            "ingress.2214680975.protocol": "tcp",
                            "ingress.2214680975.security_groups.#": "0",
                            "ingress.2214680975.self": "false",
                            "ingress.2214680975.to_port": "80",
                            "ingress.2541437006.cidr_blocks.#": "1",
                            "ingress.2541437006.cidr_blocks.0": "0.0.0.0/0",
                            "ingress.2541437006.from_port": "22",
                            "ingress.2541437006.protocol": "tcp",
                            "ingress.2541437006.security_groups.#": "0",
                            "ingress.2541437006.self": "false",
                            "ingress.2541437006.to_port": "22",
                            "name": "service_bastions",
                            "owner_id": "543443504517",
                            "tags.%": "0",
                            "vpc_id": "vpc-e61d3d82"
                        },
                        "meta": {},
                        "tainted": false
                    },
                    "deposed": [],
                    "provider": ""
                },
                "aws_subnet.public_subnet": {
                    "type": "aws_subnet",
                    "depends_on": [
                        "aws_vpc.vpc"
                    ],
                    "primary": {
                        "id": "subnet-43136f1b",
                        "attributes": {
                            "availability_zone": "eu-west-1a",
                            "cidr_block": "10.100.1.0/24",
                            "id": "subnet-43136f1b",
                            "map_public_ip_on_launch": "false",
                            "tags.%": "2",
                            "tags.Description": "training public subnet in AZ eu-west-1a",
                            "tags.Name": "training-eu-west-1a-public",
                            "vpc_id": "vpc-e61d3d82"
                        },
                        "meta": {},
                        "tainted": false
                    },
                    "deposed": [],
                    "provider": ""
                },
                "aws_vpc.vpc": {
                    "type": "aws_vpc",
                    "depends_on": [],
                    "primary": {
                        "id": "vpc-e61d3d82",
                        "attributes": {
                            "cidr_block": "10.100.0.0/16",
                            "default_network_acl_id": "acl-1e769079",
                            "default_route_table_id": "rtb-9f6699f8",
                            "default_security_group_id": "sg-c48adaa2",
                            "dhcp_options_id": "dopt-fe93719b",
                            "enable_classiclink": "false",
                            "enable_dns_hostnames": "true",
                            "enable_dns_support": "true",
                            "id": "vpc-e61d3d82",
                            "instance_tenancy": "default",
                            "main_route_table_id": "rtb-9f6699f8",
                            "tags.%": "1",
                            "tags.Name": "training"
                        },
                        "meta": {},
                        "tainted": false
                    },
                    "deposed": [],
                    "provider": ""
                }
            },
            "depends_on": []
        }
    ]
}
