{
    "version": 3,
    "terraform_version": "0.8.4",
    "serial": 8,
    "lineage": "c6315d71-9dc7-4db5-b3d3-58a5cbac6f4a",
    "modules": [
        {
            "path": [
                "root"
            ],
            "outputs": {},
            "resources": {
                "google_compute_network.network": {
                    "type": "google_compute_network",
                    "depends_on": [],
                    "primary": {
                        "id": "ansible-network",
                        "attributes": {
                            "auto_create_subnetworks": "false",
                            "gateway_ipv4": "",
                            "id": "ansible-network",
                            "name": "ansible-network",
                            "self_link": "https://www.googleapis.com/compute/v1/projects/pelagic-pager-155923/global/networks/ansible-network"
                        },
                        "meta": {},
                        "tainted": false
                    },
                    "deposed": [],
                    "provider": ""
                }
            },
            "depends_on": []
        }
    ]
}
