{
    "version": 3,
    "terraform_version": "0.8.4",
    "serial": 5,
    "lineage": "c6315d71-9dc7-4db5-b3d3-58a5cbac6f4a",
    "modules": [
        {
            "path": [
                "root"
            ],
            "outputs": {},
            "resources": {
                "google_compute_firewall.public": {
                    "type": "google_compute_firewall",
                    "depends_on": [
                        "google_compute_network.network"
                    ],
                    "primary": {
                        "id": "public",
                        "attributes": {
                            "allow.#": "2",
                            "allow.1367131964.ports.#": "0",
                            "allow.1367131964.protocol": "icmp",
                            "allow.803338340.ports.#": "1",
                            "allow.803338340.ports.0": "22",
                            "allow.803338340.protocol": "tcp",
                            "description": "",
                            "id": "public",
                            "name": "public",
                            "network": "ansible-network",
                            "project": "pelagic-pager-155923",
                            "self_link": "https://www.googleapis.com/compute/v1/projects/pelagic-pager-155923/global/firewalls/public",
                            "source_ranges.#": "1",
                            "source_ranges.1080289494": "0.0.0.0/0",
                            "source_tags.#": "1",
                            "source_tags.1001664029": "public",
                            "target_tags.#": "0"
                        },
                        "meta": {
                            "schema_version": "1"
                        },
                        "tainted": false
                    },
                    "deposed": [],
                    "provider": ""
                },
                "google_compute_instance.bastion": {
                    "type": "google_compute_instance",
                    "depends_on": [
                        "google_compute_subnetwork.tf_network"
                    ],
                    "primary": {
                        "id": "tf-training-bastion",
                        "attributes": {
                            "can_ip_forward": "false",
                            "create_timeout": "4",
                            "disk.#": "1",
                            "disk.0.auto_delete": "true",
                            "disk.0.device_name": "",
                            "disk.0.disk": "",
                            "disk.0.image": "debian-8-jessie-v20170110",
                            "disk.0.scratch": "false",
                            "disk.0.size": "0",
                            "disk.0.type": "",
                            "id": "tf-training-bastion",
                            "machine_type": "f1-micro",
                            "metadata.%": "1",
                            "metadata.ssh-keys": "admin:ssh-rsa AAAAB3NzaC1yc2EAAAADAQABAAABAQC/PW7tS5jF5rwSCiTD6bnlovTyS7MPJeI2/uv2nY5W5ZA5WmYPUpCFr0rAnhHoemwCqRfP5pj7KRv17r8m97iEt/U9HlaXxKPtpUZ96oWbfePemZnHITY4f4QFlhyuMm4cIO6j01LyOyMd5n9FLrN4S9IReSRmlDOw+L10DVEfAxn+3nGdzv/vGuwUkgSLSUiLrXxQWcwMHMtmkhv1oTIT4j07jVK2OdSlN4jj/BwQnPDw+I8F2KTOghs4+NPnATUxK6cp2uiDpgaxKMinzvZHR1vIBVuyVUyJ+Sm85+jOTFO08tpSq/LenYQMuLq1SddEhV5pwKa+xSUnOo9htgRr amaury@MacBook-Pro-de-Aurelien.local",
                            "metadata_fingerprint": "bTACiGSrvS4=",
                            "name": "tf-training-bastion",
                            "network.#": "0",
                            "network_interface.#": "1",
                            "network_interface.0.access_config.#": "1",
                            "network_interface.0.access_config.0.assigned_nat_ip": "104.199.91.195",
                            "network_interface.0.access_config.0.nat_ip": "",
                            "network_interface.0.address": "10.0.0.2",
                            "network_interface.0.name": "nic0",
                            "network_interface.0.network": "",
                            "network_interface.0.subnetwork": "ansible-subnetwork",
                            "network_interface.0.subnetwork_project": "",
                            "self_link": "https://www.googleapis.com/compute/v1/projects/pelagic-pager-155923/zones/europe-west1-b/instances/tf-training-bastion",
                            "service_account.#": "0",
                            "tags.#": "1",
                            "tags.397096961": "bastion",
                            "tags_fingerprint": "NfTTNVh6sLU=",
                            "zone": "europe-west1-b"
                        },
                        "meta": {
                            "schema_version": "2"
                        },
                        "tainted": false
                    },
                    "deposed": [],
                    "provider": ""
                },
                "google_compute_network.network": {
                    "type": "google_compute_network",
                    "depends_on": [],
                    "primary": {
                        "id": "ansible-network",
                        "attributes": {
                            "auto_create_subnetworks": "false",
                            "gateway_ipv4": "",
                            "id": "ansible-network",
                            "name": "ansible-network",
                            "self_link": "https://www.googleapis.com/compute/v1/projects/pelagic-pager-155923/global/networks/ansible-network"
                        },
                        "meta": {},
                        "tainted": false
                    },
                    "deposed": [],
                    "provider": ""
                },
                "google_compute_subnetwork.tf_network": {
                    "type": "google_compute_subnetwork",
                    "depends_on": [
                        "google_compute_network.network"
                    ],
                    "primary": {
                        "id": "europe-west1/ansible-subnetwork",
                        "attributes": {
                            "gateway_address": "10.0.0.1",
                            "id": "europe-west1/ansible-subnetwork",
                            "ip_cidr_range": "10.0.0.0/24",
                            "name": "ansible-subnetwork",
                            "network": "https://www.googleapis.com/compute/v1/projects/pelagic-pager-155923/global/networks/ansible-network",
                            "region": "europe-west1",
                            "self_link": "https://www.googleapis.com/compute/v1/projects/pelagic-pager-155923/regions/europe-west1/subnetworks/ansible-subnetwork"
                        },
                        "meta": {},
                        "tainted": false
                    },
                    "deposed": [],
                    "provider": ""
                }
            },
            "depends_on": []
        }
    ]
}
